
Microsoft Visual Studio Solution File, Format Version 12.00
# Visual Studio Version 17
VisualStudioVersion = 17.5.002.0
MinimumVisualStudioVersion = 10.0.40219.1
Project("{9A19103F-16F7-4668-BE54-9A1E7A4F7556}") = "Seminar1", "Seminar1_Знакомство_C#\Seminar1.csproj", "{64D80094-532B-4732-BFD8-5ADDDC13D531}"
EndProject
Project("{9A19103F-16F7-4668-BE54-9A1E7A4F7556}") = "Seminar2", "Seminar2_Базовые_алгоритмы\Seminar2.csproj", "{87EBA9C7-FDC9-4A31-956A-15C5A7C998C6}"
EndProject
Project("{9A19103F-16F7-4668-BE54-9A1E7A4F7556}") = "Seminar3", "Seminar3_Базовые_алгоритмы2\Seminar3.csproj", "{F05964F1-9931-430B-A8B7-4C43155E49C6}"
EndProject
Project("{9A19103F-16F7-4668-BE54-9A1E7A4F7556}") = "Seminar4", "Seminar4_Функции\Seminar4.csproj", "{3BC9129D-5C94-4551-AA79-E4589A7B019F}"
EndProject
Project("{9A19103F-16F7-4668-BE54-9A1E7A4F7556}") = "Seminar5", "Seminar5_Функции_и_одномерные_массивы\Seminar5.csproj", "{B724BF3F-EC11-45A3-B3EB-FFA083D623F2}"
EndProject
Global
	GlobalSection(SolutionConfigurationPlatforms) = preSolution
		Debug|Any CPU = Debug|Any CPU
		Release|Any CPU = Release|Any CPU
	EndGlobalSection
	GlobalSection(ProjectConfigurationPlatforms) = postSolution
		{64D80094-532B-4732-BFD8-5ADDDC13D531}.Debug|Any CPU.ActiveCfg = Debug|Any CPU
		{64D80094-532B-4732-BFD8-5ADDDC13D531}.Debug|Any CPU.Build.0 = Debug|Any CPU
		{64D80094-532B-4732-BFD8-5ADDDC13D531}.Release|Any CPU.ActiveCfg = Release|Any CPU
		{64D80094-532B-4732-BFD8-5ADDDC13D531}.Release|Any CPU.Build.0 = Release|Any CPU
		{87EBA9C7-FDC9-4A31-956A-15C5A7C998C6}.Debug|Any CPU.ActiveCfg = Debug|Any CPU
		{87EBA9C7-FDC9-4A31-956A-15C5A7C998C6}.Debug|Any CPU.Build.0 = Debug|Any CPU
		{87EBA9C7-FDC9-4A31-956A-15C5A7C998C6}.Release|Any CPU.ActiveCfg = Release|Any CPU
		{87EBA9C7-FDC9-4A31-956A-15C5A7C998C6}.Release|Any CPU.Build.0 = Release|Any CPU
		{F05964F1-9931-430B-A8B7-4C43155E49C6}.Debug|Any CPU.ActiveCfg = Debug|Any CPU
		{F05964F1-9931-430B-A8B7-4C43155E49C6}.Debug|Any CPU.Build.0 = Debug|Any CPU
		{F05964F1-9931-430B-A8B7-4C43155E49C6}.Release|Any CPU.ActiveCfg = Release|Any CPU
		{F05964F1-9931-430B-A8B7-4C43155E49C6}.Release|Any CPU.Build.0 = Release|Any CPU
		{3BC9129D-5C94-4551-AA79-E4589A7B019F}.Debug|Any CPU.ActiveCfg = Debug|Any CPU
		{3BC9129D-5C94-4551-AA79-E4589A7B019F}.Debug|Any CPU.Build.0 = Debug|Any CPU
		{3BC9129D-5C94-4551-AA79-E4589A7B019F}.Release|Any CPU.ActiveCfg = Release|Any CPU
		{3BC9129D-5C94-4551-AA79-E4589A7B019F}.Release|Any CPU.Build.0 = Release|Any CPU
		{B724BF3F-EC11-45A3-B3EB-FFA083D623F2}.Debug|Any CPU.ActiveCfg = Debug|Any CPU
		{B724BF3F-EC11-45A3-B3EB-FFA083D623F2}.Debug|Any CPU.Build.0 = Debug|Any CPU
		{B724BF3F-EC11-45A3-B3EB-FFA083D623F2}.Release|Any CPU.ActiveCfg = Release|Any CPU
		{B724BF3F-EC11-45A3-B3EB-FFA083D623F2}.Release|Any CPU.Build.0 = Release|Any CPU
	EndGlobalSection
	GlobalSection(SolutionProperties) = preSolution
		HideSolutionNode = FALSE
	EndGlobalSection
	GlobalSection(ExtensibilityGlobals) = postSolution
		SolutionGuid = {BEC34876-B6D8-4241-9D6A-91419A05B572}
	EndGlobalSection
EndGlobal
